
Microsoft Visual Studio Solution File, Format Version 12.00
# Visual Studio 15
VisualStudioVersion = 15.0.28307.645
MinimumVisualStudioVersion = 10.0.40219.1
Project("{FAE04EC0-301F-11D3-BF4B-00C04F79EFBC}") = "DelegatesAndEvents", "DelegatesAndEvents\DelegatesAndEvents.csproj", "{A639B81B-522C-49A0-9C75-C765C8F8392A}"
EndProject
Global
	GlobalSection(SolutionConfigurationPlatforms) = preSolution
		Debug|Any CPU = Debug|Any CPU
		Release|Any CPU = Release|Any CPU
	EndGlobalSection
	GlobalSection(ProjectConfigurationPlatforms) = postSolution
		{A639B81B-522C-49A0-9C75-C765C8F8392A}.Debug|Any CPU.ActiveCfg = Debug|Any CPU
		{A639B81B-522C-49A0-9C75-C765C8F8392A}.Debug|Any CPU.Build.0 = Debug|Any CPU
		{A639B81B-522C-49A0-9C75-C765C8F8392A}.Release|Any CPU.ActiveCfg = Release|Any CPU
		{A639B81B-522C-49A0-9C75-C765C8F8392A}.Release|Any CPU.Build.0 = Release|Any CPU
	EndGlobalSection
	GlobalSection(SolutionProperties) = preSolution
		HideSolutionNode = FALSE
	EndGlobalSection
	GlobalSection(ExtensibilityGlobals) = postSolution
		SolutionGuid = {47057ACA-ABAA-4B0D-9229-1A2F72963672}
	EndGlobalSection
EndGlobal
