
Microsoft Visual Studio Solution File, Format Version 12.00
# Visual Studio 15
VisualStudioVersion = 15.0.28307.645
MinimumVisualStudioVersion = 10.0.40219.1
Project("{FAE04EC0-301F-11D3-BF4B-00C04F79EFBC}") = "PropertiesIndexators", "PropertiesIndexators\PropertiesIndexators.csproj", "{F19E2CF6-D99B-43FB-B4E0-E9C3C9AD4023}"
EndProject
Global
	GlobalSection(SolutionConfigurationPlatforms) = preSolution
		Debug|Any CPU = Debug|Any CPU
		Release|Any CPU = Release|Any CPU
	EndGlobalSection
	GlobalSection(ProjectConfigurationPlatforms) = postSolution
		{F19E2CF6-D99B-43FB-B4E0-E9C3C9AD4023}.Debug|Any CPU.ActiveCfg = Debug|Any CPU
		{F19E2CF6-D99B-43FB-B4E0-E9C3C9AD4023}.Debug|Any CPU.Build.0 = Debug|Any CPU
		{F19E2CF6-D99B-43FB-B4E0-E9C3C9AD4023}.Release|Any CPU.ActiveCfg = Release|Any CPU
		{F19E2CF6-D99B-43FB-B4E0-E9C3C9AD4023}.Release|Any CPU.Build.0 = Release|Any CPU
	EndGlobalSection
	GlobalSection(SolutionProperties) = preSolution
		HideSolutionNode = FALSE
	EndGlobalSection
	GlobalSection(ExtensibilityGlobals) = postSolution
		SolutionGuid = {DEB1BCF6-F659-493A-8D07-6DDE53C36404}
	EndGlobalSection
EndGlobal
