
Microsoft Visual Studio Solution File, Format Version 12.00
# Visual Studio Version 16
VisualStudioVersion = 16.0.31424.327
MinimumVisualStudioVersion = 10.0.40219.1
Project("{FAE04EC0-301F-11D3-BF4B-00C04F79EFBC}") = "EFCore SQLite Tutorial", "EFCore SQLite Tutorial\EFCore SQLite Tutorial.csproj", "{CE891646-BF2F-4A92-86E0-3FD001545D4C}"
EndProject
Global
	GlobalSection(SolutionConfigurationPlatforms) = preSolution
		Debug|Any CPU = Debug|Any CPU
		Release|Any CPU = Release|Any CPU
	EndGlobalSection
	GlobalSection(ProjectConfigurationPlatforms) = postSolution
		{CE891646-BF2F-4A92-86E0-3FD001545D4C}.Debug|Any CPU.ActiveCfg = Debug|Any CPU
		{CE891646-BF2F-4A92-86E0-3FD001545D4C}.Debug|Any CPU.Build.0 = Debug|Any CPU
		{CE891646-BF2F-4A92-86E0-3FD001545D4C}.Release|Any CPU.ActiveCfg = Release|Any CPU
		{CE891646-BF2F-4A92-86E0-3FD001545D4C}.Release|Any CPU.Build.0 = Release|Any CPU
	EndGlobalSection
	GlobalSection(SolutionProperties) = preSolution
		HideSolutionNode = FALSE
	EndGlobalSection
	GlobalSection(ExtensibilityGlobals) = postSolution
		SolutionGuid = {2ECD7429-E031-483C-9D87-9DB81B8E97A4}
	EndGlobalSection
EndGlobal
