
Microsoft Visual Studio Solution File, Format Version 12.00
# Visual Studio 15
VisualStudioVersion = 15.0.28307.645
MinimumVisualStudioVersion = 10.0.40219.1
Project("{FAE04EC0-301F-11D3-BF4B-00C04F79EFBC}") = "Different", "Different\Different.csproj", "{26903A45-C6D2-4A36-9C62-276D70311E00}"
EndProject
Global
	GlobalSection(SolutionConfigurationPlatforms) = preSolution
		Debug|Any CPU = Debug|Any CPU
		Release|Any CPU = Release|Any CPU
	EndGlobalSection
	GlobalSection(ProjectConfigurationPlatforms) = postSolution
		{26903A45-C6D2-4A36-9C62-276D70311E00}.Debug|Any CPU.ActiveCfg = Debug|Any CPU
		{26903A45-C6D2-4A36-9C62-276D70311E00}.Debug|Any CPU.Build.0 = Debug|Any CPU
		{26903A45-C6D2-4A36-9C62-276D70311E00}.Release|Any CPU.ActiveCfg = Release|Any CPU
		{26903A45-C6D2-4A36-9C62-276D70311E00}.Release|Any CPU.Build.0 = Release|Any CPU
	EndGlobalSection
	GlobalSection(SolutionProperties) = preSolution
		HideSolutionNode = FALSE
	EndGlobalSection
	GlobalSection(ExtensibilityGlobals) = postSolution
		SolutionGuid = {76E84DAF-7301-4B20-B219-4CD287F19C83}
	EndGlobalSection
EndGlobal
